
Microsoft Visual Studio Solution File, Format Version 12.00
# Visual Studio Version 16
VisualStudioVersion = 16.0.29521.150
MinimumVisualStudioVersion = 10.0.40219.1
Project("{9A19103F-16F7-4668-BE54-9A1E7A4F7556}") = "gtooltest", "gtooltest.csproj", "{44224348-585E-48DF-98D1-08E9EA4CD284}"
EndProject
Global
	GlobalSection(SolutionConfigurationPlatforms) = preSolution
		Debug|Any CPU = Debug|Any CPU
		Release|Any CPU = Release|Any CPU
	EndGlobalSection
	GlobalSection(ProjectConfigurationPlatforms) = postSolution
		{44224348-585E-48DF-98D1-08E9EA4CD284}.Debug|Any CPU.ActiveCfg = Debug|Any CPU
		{44224348-585E-48DF-98D1-08E9EA4CD284}.Debug|Any CPU.Build.0 = Debug|Any CPU
		{44224348-585E-48DF-98D1-08E9EA4CD284}.Release|Any CPU.ActiveCfg = Release|Any CPU
		{44224348-585E-48DF-98D1-08E9EA4CD284}.Release|Any CPU.Build.0 = Release|Any CPU
	EndGlobalSection
	GlobalSection(SolutionProperties) = preSolution
		HideSolutionNode = FALSE
	EndGlobalSection
	GlobalSection(ExtensibilityGlobals) = postSolution
		SolutionGuid = {2CC51105-2D60-45FD-A6AA-8D88AEE95B1B}
	EndGlobalSection
EndGlobal
